// !$*UTF8*$!
{
	archiveVersion = 1;
	classes = {
	};
	objectVersion = 50;
	objects = {

/* Begin PBXBuildFile section */
		2BB9E75C26AB605700112651 /* AppDelegate.swift in Sources */ = {isa = PBXBuildFile; fileRef = 2BB9E75B26AB605700112651 /* AppDelegate.swift */; };
		2BB9E75E26AB605700112651 /* SceneDelegate.swift in Sources */ = {isa = PBXBuildFile; fileRef = 2BB9E75D26AB605700112651 /* SceneDelegate.swift */; };
		2BB9E76526AB605900112651 /* Assets.xcassets in Resources */ = {isa = PBXBuildFile; fileRef = 2BB9E76426AB605900112651 /* Assets.xcassets */; };
		2BB9E76826AB605900112651 /* LaunchScreen.storyboard in Resources */ = {isa = PBXBuildFile; fileRef = 2BB9E76626AB605900112651 /* LaunchScreen.storyboard */; };
		2BB9F29126ADFAF100F43852 /* Data.swift in Sources */ = {isa = PBXBuildFile; fileRef = 2BB9F29026ADFAF100F43852 /* Data.swift */; };
		2BB9F29526AE01A300F43852 /* s1-title.txt in Resources */ = {isa = PBXBuildFile; fileRef = 2BB9F29426AE01A300F43852 /* s1-title.txt */; };
		2BB9F29726AE01B800F43852 /* s1-text.txt in Resources */ = {isa = PBXBuildFile; fileRef = 2BB9F29626AE01B800F43852 /* s1-text.txt */; };
		2BB9F2EC26AF1F6200F43852 /* story-1-path.swift in Sources */ = {isa = PBXBuildFile; fileRef = 2BB9F2EB26AF1F6200F43852 /* story-1-path.swift */; };
		2BB9F2FE26AF556600F43852 /* s2-title.txt in Resources */ = {isa = PBXBuildFile; fileRef = 2BB9F2FD26AF556600F43852 /* s2-title.txt */; };
		2BB9F30126AF557E00F43852 /* story-2-path.swift in Sources */ = {isa = PBXBuildFile; fileRef = 2BB9F30026AF557E00F43852 /* story-2-path.swift */; };
		2BB9F30226AF57B500F43852 /* s2-text.txt in Resources */ = {isa = PBXBuildFile; fileRef = 2BB9F2FF26AF556C00F43852 /* s2-text.txt */; };
		2BB9F30726AF5D9D00F43852 /* s3-text.txt in Resources */ = {isa = PBXBuildFile; fileRef = 2BB9F30626AF5D9D00F43852 /* s3-text.txt */; };
		2BB9F30926AF5DAF00F43852 /* s3-title.txt in Resources */ = {isa = PBXBuildFile; fileRef = 2BB9F30826AF5DAF00F43852 /* s3-title.txt */; };
		2BB9F30B26AF5EEC00F43852 /* story-3-path.swift in Sources */ = {isa = PBXBuildFile; fileRef = 2BB9F30A26AF5EEC00F43852 /* story-3-path.swift */; };
		2BB9F30E26AF5FA900F43852 /* story-4-path.swift in Sources */ = {isa = PBXBuildFile; fileRef = 2BB9F30D26AF5FA900F43852 /* story-4-path.swift */; };
		2BB9F31026AF5FB300F43852 /* s4-text.txt in Resources */ = {isa = PBXBuildFile; fileRef = 2BB9F30F26AF5FB300F43852 /* s4-text.txt */; };
		2BB9F31226AF5FBE00F43852 /* s4-title.txt in Resources */ = {isa = PBXBuildFile; fileRef = 2BB9F31126AF5FBE00F43852 /* s4-title.txt */; };
		ED31E02526B74881003E5802 /* RSImageVC.swift in Sources */ = {isa = PBXBuildFile; fileRef = ED31E02426B74881003E5802 /* RSImageVC.swift */; };
		ED31E02A26B964F2003E5802 /* RSDrawingCollectionCell.swift in Sources */ = {isa = PBXBuildFile; fileRef = ED31E02926B964F1003E5802 /* RSDrawingCollectionCell.swift */; };
		ED31E03226BAC50B003E5802 /* story-5-path.swift in Sources */ = {isa = PBXBuildFile; fileRef = ED31E03126BAC50A003E5802 /* story-5-path.swift */; };
		ED31E03826BAC587003E5802 /* s5-text.txt in Resources */ = {isa = PBXBuildFile; fileRef = ED31E03626BAC586003E5802 /* s5-text.txt */; };
		ED31E03926BAC587003E5802 /* s5-title.txt in Resources */ = {isa = PBXBuildFile; fileRef = ED31E03726BAC586003E5802 /* s5-title.txt */; };
		ED31E03D26BAC5A3003E5802 /* story-6-path.swift in Sources */ = {isa = PBXBuildFile; fileRef = ED31E03C26BAC5A3003E5802 /* story-6-path.swift */; };
		ED31E04226BAC5C7003E5802 /* s6-title.txt in Resources */ = {isa = PBXBuildFile; fileRef = ED31E04026BAC5C7003E5802 /* s6-title.txt */; };
		ED31E04326BAC5C7003E5802 /* s6-text.txt in Resources */ = {isa = PBXBuildFile; fileRef = ED31E04126BAC5C7003E5802 /* s6-text.txt */; };
		ED63BC3A26B5BFBC001EA4D4 /* RSTextLabel.swift in Sources */ = {isa = PBXBuildFile; fileRef = ED63BC3926B5BFBC001EA4D4 /* RSTextLabel.swift */; };
		ED63BC3D26B5C14B001EA4D4 /* RSCloseButton.swift in Sources */ = {isa = PBXBuildFile; fileRef = ED63BC3C26B5C14B001EA4D4 /* RSCloseButton.swift */; };
		ED63BC4026B705CA001EA4D4 /* RSImageCollectionCell.swift in Sources */ = {isa = PBXBuildFile; fileRef = ED63BC3F26B705CA001EA4D4 /* RSImageCollectionCell.swift */; };
		ED63BC4326B71F13001EA4D4 /* RSTitleImageCover.swift in Sources */ = {isa = PBXBuildFile; fileRef = ED63BC4226B71F13001EA4D4 /* RSTitleImageCover.swift */; };
		ED95EAC626B4956900DDB2C6 /* RSContentPresentationVC.swift in Sources */ = {isa = PBXBuildFile; fileRef = ED95EAC526B4956900DDB2C6 /* RSContentPresentationVC.swift */; };
		ED95EACB26B4BB3500DDB2C6 /* RSContentTypeLabel.swift in Sources */ = {isa = PBXBuildFile; fileRef = ED95EACA26B4BB3500DDB2C6 /* RSContentTypeLabel.swift */; };
		ED95EACE26B5664700DDB2C6 /* RSContentView.swift in Sources */ = {isa = PBXBuildFile; fileRef = ED95EACD26B5664700DDB2C6 /* RSContentView.swift */; };
		EDE3824626B18255005DBA59 /* RSCollectionVC.swift in Sources */ = {isa = PBXBuildFile; fileRef = EDE3824526B18255005DBA59 /* RSCollectionVC.swift */; };
		EDE3824B26B18558005DBA59 /* RSViewCollectionCell.swift in Sources */ = {isa = PBXBuildFile; fileRef = EDE3824A26B18558005DBA59 /* RSViewCollectionCell.swift */; };
		EDE3824E26B2AEF6005DBA59 /* RSTabBarVC.swift in Sources */ = {isa = PBXBuildFile; fileRef = EDE3824D26B2AEF5005DBA59 /* RSTabBarVC.swift */; };
		EDE3825826B2CE6D005DBA59 /* RSSettingsVC.m in Sources */ = {isa = PBXBuildFile; fileRef = EDE3825726B2CE6D005DBA59 /* RSSettingsVC.m */; };
		EDE3826226B2D2A3005DBA59 /* RSStrokeColorVC.m in Sources */ = {isa = PBXBuildFile; fileRef = EDE3826126B2D2A3005DBA59 /* RSStrokeColorVC.m */; };
		EDE3826626B2EC4E005DBA59 /* RSTableViewCell.m in Sources */ = {isa = PBXBuildFile; fileRef = EDE3826526B2EC4E005DBA59 /* RSTableViewCell.m */; };
		EDE3826A26B35DF0005DBA59 /* RSColorItem.m in Sources */ = {isa = PBXBuildFile; fileRef = EDE3826926B35DF0005DBA59 /* RSColorItem.m */; };
		EDE3826F26B36767005DBA59 /* RSTableViewColorCell.m in Sources */ = {isa = PBXBuildFile; fileRef = EDE3826E26B36767005DBA59 /* RSTableViewColorCell.m */; };
/* End PBXBuildFile section */

/* Begin PBXFileReference section */
		2BB9E75826AB605700112651 /* RSSchool_T9.app */ = {isa = PBXFileReference; explicitFileType = wrapper.application; includeInIndex = 0; path = RSSchool_T9.app; sourceTree = BUILT_PRODUCTS_DIR; };
		2BB9E75B26AB605700112651 /* AppDelegate.swift */ = {isa = PBXFileReference; lastKnownFileType = sourcecode.swift; path = AppDelegate.swift; sourceTree = "<group>"; };
		2BB9E75D26AB605700112651 /* SceneDelegate.swift */ = {isa = PBXFileReference; lastKnownFileType = sourcecode.swift; path = SceneDelegate.swift; sourceTree = "<group>"; };
		2BB9E76426AB605900112651 /* Assets.xcassets */ = {isa = PBXFileReference; lastKnownFileType = folder.assetcatalog; path = Assets.xcassets; sourceTree = "<group>"; };
		2BB9E76726AB605900112651 /* Base */ = {isa = PBXFileReference; lastKnownFileType = file.storyboard; name = Base; path = Base.lproj/LaunchScreen.storyboard; sourceTree = "<group>"; };
		2BB9E76926AB605900112651 /* Info.plist */ = {isa = PBXFileReference; lastKnownFileType = text.plist.xml; path = Info.plist; sourceTree = "<group>"; };
		2BB9F29026ADFAF100F43852 /* Data.swift */ = {isa = PBXFileReference; lastKnownFileType = sourcecode.swift; path = Data.swift; sourceTree = "<group>"; };
		2BB9F29426AE01A300F43852 /* s1-title.txt */ = {isa = PBXFileReference; lastKnownFileType = text; path = "s1-title.txt"; sourceTree = "<group>"; };
		2BB9F29626AE01B800F43852 /* s1-text.txt */ = {isa = PBXFileReference; lastKnownFileType = text; path = "s1-text.txt"; sourceTree = "<group>"; };
		2BB9F2EB26AF1F6200F43852 /* story-1-path.swift */ = {isa = PBXFileReference; lastKnownFileType = sourcecode.swift; path = "story-1-path.swift"; sourceTree = "<group>"; };
		2BB9F2FD26AF556600F43852 /* s2-title.txt */ = {isa = PBXFileReference; lastKnownFileType = text; path = "s2-title.txt"; sourceTree = "<group>"; };
		2BB9F2FF26AF556C00F43852 /* s2-text.txt */ = {isa = PBXFileReference; lastKnownFileType = text; path = "s2-text.txt"; sourceTree = "<group>"; };
		2BB9F30026AF557E00F43852 /* story-2-path.swift */ = {isa = PBXFileReference; lastKnownFileType = sourcecode.swift; path = "story-2-path.swift"; sourceTree = "<group>"; };
		2BB9F30626AF5D9D00F43852 /* s3-text.txt */ = {isa = PBXFileReference; lastKnownFileType = text; path = "s3-text.txt"; sourceTree = "<group>"; };
		2BB9F30826AF5DAF00F43852 /* s3-title.txt */ = {isa = PBXFileReference; lastKnownFileType = text; path = "s3-title.txt"; sourceTree = "<group>"; };
		2BB9F30A26AF5EEC00F43852 /* story-3-path.swift */ = {isa = PBXFileReference; lastKnownFileType = sourcecode.swift; path = "story-3-path.swift"; sourceTree = "<group>"; };
		2BB9F30D26AF5FA900F43852 /* story-4-path.swift */ = {isa = PBXFileReference; lastKnownFileType = sourcecode.swift; path = "story-4-path.swift"; sourceTree = "<group>"; };
		2BB9F30F26AF5FB300F43852 /* s4-text.txt */ = {isa = PBXFileReference; lastKnownFileType = text; path = "s4-text.txt"; sourceTree = "<group>"; };
		2BB9F31126AF5FBE00F43852 /* s4-title.txt */ = {isa = PBXFileReference; lastKnownFileType = text; path = "s4-title.txt"; sourceTree = "<group>"; };
		ED31E02426B74881003E5802 /* RSImageVC.swift */ = {isa = PBXFileReference; lastKnownFileType = sourcecode.swift; path = RSImageVC.swift; sourceTree = "<group>"; };
		ED31E02926B964F1003E5802 /* RSDrawingCollectionCell.swift */ = {isa = PBXFileReference; lastKnownFileType = sourcecode.swift; path = RSDrawingCollectionCell.swift; sourceTree = "<group>"; };
		ED31E03126BAC50A003E5802 /* story-5-path.swift */ = {isa = PBXFileReference; lastKnownFileType = sourcecode.swift; path = "story-5-path.swift"; sourceTree = "<group>"; };
		ED31E03626BAC586003E5802 /* s5-text.txt */ = {isa = PBXFileReference; fileEncoding = 4; lastKnownFileType = text; path = "s5-text.txt"; sourceTree = "<group>"; };
		ED31E03726BAC586003E5802 /* s5-title.txt */ = {isa = PBXFileReference; fileEncoding = 4; lastKnownFileType = text; path = "s5-title.txt"; sourceTree = "<group>"; };
		ED31E03C26BAC5A3003E5802 /* story-6-path.swift */ = {isa = PBXFileReference; lastKnownFileType = sourcecode.swift; path = "story-6-path.swift"; sourceTree = "<group>"; };
		ED31E04026BAC5C7003E5802 /* s6-title.txt */ = {isa = PBXFileReference; fileEncoding = 4; lastKnownFileType = text; path = "s6-title.txt"; sourceTree = "<group>"; };
		ED31E04126BAC5C7003E5802 /* s6-text.txt */ = {isa = PBXFileReference; fileEncoding = 4; lastKnownFileType = text; path = "s6-text.txt"; sourceTree = "<group>"; };
		ED63BC3926B5BFBC001EA4D4 /* RSTextLabel.swift */ = {isa = PBXFileReference; lastKnownFileType = sourcecode.swift; path = RSTextLabel.swift; sourceTree = "<group>"; };
		ED63BC3C26B5C14B001EA4D4 /* RSCloseButton.swift */ = {isa = PBXFileReference; lastKnownFileType = sourcecode.swift; path = RSCloseButton.swift; sourceTree = "<group>"; };
		ED63BC3F26B705CA001EA4D4 /* RSImageCollectionCell.swift */ = {isa = PBXFileReference; lastKnownFileType = sourcecode.swift; path = RSImageCollectionCell.swift; sourceTree = "<group>"; };
		ED63BC4226B71F13001EA4D4 /* RSTitleImageCover.swift */ = {isa = PBXFileReference; lastKnownFileType = sourcecode.swift; path = RSTitleImageCover.swift; sourceTree = "<group>"; };
		ED95EAC526B4956900DDB2C6 /* RSContentPresentationVC.swift */ = {isa = PBXFileReference; lastKnownFileType = sourcecode.swift; path = RSContentPresentationVC.swift; sourceTree = "<group>"; };
		ED95EACA26B4BB3500DDB2C6 /* RSContentTypeLabel.swift */ = {isa = PBXFileReference; lastKnownFileType = sourcecode.swift; path = RSContentTypeLabel.swift; sourceTree = "<group>"; };
		ED95EACD26B5664700DDB2C6 /* RSContentView.swift */ = {isa = PBXFileReference; lastKnownFileType = sourcecode.swift; path = RSContentView.swift; sourceTree = "<group>"; };
		EDE3824526B18255005DBA59 /* RSCollectionVC.swift */ = {isa = PBXFileReference; lastKnownFileType = sourcecode.swift; path = RSCollectionVC.swift; sourceTree = "<group>"; };
		EDE3824A26B18558005DBA59 /* RSViewCollectionCell.swift */ = {isa = PBXFileReference; lastKnownFileType = sourcecode.swift; path = RSViewCollectionCell.swift; sourceTree = "<group>"; };
		EDE3824D26B2AEF5005DBA59 /* RSTabBarVC.swift */ = {isa = PBXFileReference; lastKnownFileType = sourcecode.swift; path = RSTabBarVC.swift; sourceTree = "<group>"; };
		EDE3825526B2CE6D005DBA59 /* RSSchool_T9-Bridging-Header.h */ = {isa = PBXFileReference; lastKnownFileType = sourcecode.c.h; path = "RSSchool_T9-Bridging-Header.h"; sourceTree = "<group>"; };
		EDE3825626B2CE6D005DBA59 /* RSSettingsVC.h */ = {isa = PBXFileReference; lastKnownFileType = sourcecode.c.h; path = RSSettingsVC.h; sourceTree = "<group>"; };
		EDE3825726B2CE6D005DBA59 /* RSSettingsVC.m */ = {isa = PBXFileReference; lastKnownFileType = sourcecode.c.objc; path = RSSettingsVC.m; sourceTree = "<group>"; };
		EDE3826026B2D2A3005DBA59 /* RSStrokeColorVC.h */ = {isa = PBXFileReference; lastKnownFileType = sourcecode.c.h; path = RSStrokeColorVC.h; sourceTree = "<group>"; };
		EDE3826126B2D2A3005DBA59 /* RSStrokeColorVC.m */ = {isa = PBXFileReference; lastKnownFileType = sourcecode.c.objc; path = RSStrokeColorVC.m; sourceTree = "<group>"; };
		EDE3826426B2EC4E005DBA59 /* RSTableViewCell.h */ = {isa = PBXFileReference; lastKnownFileType = sourcecode.c.h; path = RSTableViewCell.h; sourceTree = "<group>"; };
		EDE3826526B2EC4E005DBA59 /* RSTableViewCell.m */ = {isa = PBXFileReference; lastKnownFileType = sourcecode.c.objc; path = RSTableViewCell.m; sourceTree = "<group>"; };
		EDE3826826B35DF0005DBA59 /* RSColorItem.h */ = {isa = PBXFileReference; lastKnownFileType = sourcecode.c.h; path = RSColorItem.h; sourceTree = "<group>"; };
		EDE3826926B35DF0005DBA59 /* RSColorItem.m */ = {isa = PBXFileReference; lastKnownFileType = sourcecode.c.objc; path = RSColorItem.m; sourceTree = "<group>"; };
		EDE3826D26B36767005DBA59 /* RSTableViewColorCell.h */ = {isa = PBXFileReference; lastKnownFileType = sourcecode.c.h; path = RSTableViewColorCell.h; sourceTree = "<group>"; };
		EDE3826E26B36767005DBA59 /* RSTableViewColorCell.m */ = {isa = PBXFileReference; lastKnownFileType = sourcecode.c.objc; path = RSTableViewColorCell.m; sourceTree = "<group>"; };
/* End PBXFileReference section */

/* Begin PBXFrameworksBuildPhase section */
		2BB9E75526AB605700112651 /* Frameworks */ = {
			isa = PBXFrameworksBuildPhase;
			buildActionMask = 2147483647;
			files = (
			);
			runOnlyForDeploymentPostprocessing = 0;
		};
/* End PBXFrameworksBuildPhase section */

/* Begin PBXGroup section */
		2BB9E74F26AB605700112651 = {
			isa = PBXGroup;
			children = (
				2BB9E75A26AB605700112651 /* RSSchool_T9 */,
				2BB9E75926AB605700112651 /* Products */,
			);
			sourceTree = "<group>";
		};
		2BB9E75926AB605700112651 /* Products */ = {
			isa = PBXGroup;
			children = (
				2BB9E75826AB605700112651 /* RSSchool_T9.app */,
			);
			name = Products;
			sourceTree = "<group>";
		};
		2BB9E75A26AB605700112651 /* RSSchool_T9 */ = {
			isa = PBXGroup;
			children = (
				2BB9F28F26ADFAEB00F43852 /* Data */,
				2BB9E75B26AB605700112651 /* AppDelegate.swift */,
				2BB9E75D26AB605700112651 /* SceneDelegate.swift */,
				EDE3827226B37384005DBA59 /* CustumViews */,
				EDE3824826B18275005DBA59 /* ViewControllers */,
				2BB9E76426AB605900112651 /* Assets.xcassets */,
				2BB9E76626AB605900112651 /* LaunchScreen.storyboard */,
				2BB9E76926AB605900112651 /* Info.plist */,
			);
			path = RSSchool_T9;
			sourceTree = "<group>";
		};
		2BB9F28F26ADFAEB00F43852 /* Data */ = {
			isa = PBXGroup;
			children = (
				2BB9F29226AE017D00F43852 /* Static */,
				2BB9F29026ADFAF100F43852 /* Data.swift */,
			);
			path = Data;
			sourceTree = "<group>";
		};
		2BB9F29226AE017D00F43852 /* Static */ = {
			isa = PBXGroup;
			children = (
				ED31E03B26BAC58E003E5802 /* story-6 */,
				ED31E03026BAC46F003E5802 /* story-5 */,
				2BB9F30C26AF5F9C00F43852 /* story-4 */,
				2BB9F30326AF5D7E00F43852 /* story-3 */,
				2BB9F2FC26AF554C00F43852 /* story-2 */,
				2BB9F29326AE018200F43852 /* story-1 */,
			);
			path = Static;
			sourceTree = "<group>";
		};
		2BB9F29326AE018200F43852 /* story-1 */ = {
			isa = PBXGroup;
			children = (
				2BB9F29426AE01A300F43852 /* s1-title.txt */,
				2BB9F29626AE01B800F43852 /* s1-text.txt */,
				2BB9F2EB26AF1F6200F43852 /* story-1-path.swift */,
			);
			path = "story-1";
			sourceTree = "<group>";
		};
		2BB9F2FC26AF554C00F43852 /* story-2 */ = {
			isa = PBXGroup;
			children = (
				2BB9F2FF26AF556C00F43852 /* s2-text.txt */,
				2BB9F2FD26AF556600F43852 /* s2-title.txt */,
				2BB9F30026AF557E00F43852 /* story-2-path.swift */,
			);
			path = "story-2";
			sourceTree = "<group>";
		};
		2BB9F30326AF5D7E00F43852 /* story-3 */ = {
			isa = PBXGroup;
			children = (
				2BB9F30626AF5D9D00F43852 /* s3-text.txt */,
				2BB9F30826AF5DAF00F43852 /* s3-title.txt */,
				2BB9F30A26AF5EEC00F43852 /* story-3-path.swift */,
			);
			path = "story-3";
			sourceTree = "<group>";
		};
		2BB9F30C26AF5F9C00F43852 /* story-4 */ = {
			isa = PBXGroup;
			children = (
				2BB9F30D26AF5FA900F43852 /* story-4-path.swift */,
				2BB9F30F26AF5FB300F43852 /* s4-text.txt */,
				2BB9F31126AF5FBE00F43852 /* s4-title.txt */,
			);
			path = "story-4";
			sourceTree = "<group>";
		};
		ED31E03026BAC46F003E5802 /* story-5 */ = {
			isa = PBXGroup;
			children = (
				ED31E03126BAC50A003E5802 /* story-5-path.swift */,
				ED31E03626BAC586003E5802 /* s5-text.txt */,
				ED31E03726BAC586003E5802 /* s5-title.txt */,
			);
			path = "story-5";
			sourceTree = "<group>";
		};
		ED31E03B26BAC58E003E5802 /* story-6 */ = {
			isa = PBXGroup;
			children = (
				ED31E04126BAC5C7003E5802 /* s6-text.txt */,
				ED31E04026BAC5C7003E5802 /* s6-title.txt */,
				ED31E03C26BAC5A3003E5802 /* story-6-path.swift */,
			);
			path = "story-6";
			sourceTree = "<group>";
		};
		ED95EABA26B375CE00DDB2C6 /* RSTableViewColorCell */ = {
			isa = PBXGroup;
			children = (
				EDE3826D26B36767005DBA59 /* RSTableViewColorCell.h */,
				EDE3826E26B36767005DBA59 /* RSTableViewColorCell.m */,
			);
			path = RSTableViewColorCell;
			sourceTree = "<group>";
		};
		ED95EABC26B375DB00DDB2C6 /* RSColorItem */ = {
			isa = PBXGroup;
			children = (
				EDE3826826B35DF0005DBA59 /* RSColorItem.h */,
				EDE3826926B35DF0005DBA59 /* RSColorItem.m */,
			);
			path = RSColorItem;
			sourceTree = "<group>";
		};
		ED95EABF26B375E700DDB2C6 /* RSTableViewCell */ = {
			isa = PBXGroup;
			children = (
				EDE3826426B2EC4E005DBA59 /* RSTableViewCell.h */,
				EDE3826526B2EC4E005DBA59 /* RSTableViewCell.m */,
			);
			path = RSTableViewCell;
			sourceTree = "<group>";
		};
		ED95EAC126B48E7000DDB2C6 /* RSStrokeColorVC */ = {
			isa = PBXGroup;
			children = (
				EDE3826026B2D2A3005DBA59 /* RSStrokeColorVC.h */,
				EDE3826126B2D2A3005DBA59 /* RSStrokeColorVC.m */,
			);
			path = RSStrokeColorVC;
			sourceTree = "<group>";
		};
		ED95EAC226B48E8B00DDB2C6 /* RSSettingsVC */ = {
			isa = PBXGroup;
			children = (
				EDE3825626B2CE6D005DBA59 /* RSSettingsVC.h */,
				EDE3825726B2CE6D005DBA59 /* RSSettingsVC.m */,
			);
			path = RSSettingsVC;
			sourceTree = "<group>";
		};
		EDE3824826B18275005DBA59 /* ViewControllers */ = {
			isa = PBXGroup;
			children = (
				EDE3825526B2CE6D005DBA59 /* RSSchool_T9-Bridging-Header.h */,
				ED31E02426B74881003E5802 /* RSImageVC.swift */,
				ED95EAC526B4956900DDB2C6 /* RSContentPresentationVC.swift */,
				EDE3824526B18255005DBA59 /* RSCollectionVC.swift */,
				EDE3824D26B2AEF5005DBA59 /* RSTabBarVC.swift */,
				ED95EAC226B48E8B00DDB2C6 /* RSSettingsVC */,
				ED95EAC126B48E7000DDB2C6 /* RSStrokeColorVC */,
			);
			path = ViewControllers;
			sourceTree = "<group>";
		};
		EDE3827226B37384005DBA59 /* CustumViews */ = {
			isa = PBXGroup;
			children = (
				ED63BC4226B71F13001EA4D4 /* RSTitleImageCover.swift */,
				EDE3824A26B18558005DBA59 /* RSViewCollectionCell.swift */,
				ED63BC3F26B705CA001EA4D4 /* RSImageCollectionCell.swift */,
				ED31E02926B964F1003E5802 /* RSDrawingCollectionCell.swift */,
				ED95EACD26B5664700DDB2C6 /* RSContentView.swift */,
				ED95EACA26B4BB3500DDB2C6 /* RSContentTypeLabel.swift */,
				ED63BC3926B5BFBC001EA4D4 /* RSTextLabel.swift */,
				ED63BC3C26B5C14B001EA4D4 /* RSCloseButton.swift */,
				ED95EABF26B375E700DDB2C6 /* RSTableViewCell */,
				ED95EABA26B375CE00DDB2C6 /* RSTableViewColorCell */,
				ED95EABC26B375DB00DDB2C6 /* RSColorItem */,
			);
			path = CustumViews;
			sourceTree = "<group>";
		};
/* End PBXGroup section */

/* Begin PBXNativeTarget section */
		2BB9E75726AB605700112651 /* RSSchool_T9 */ = {
			isa = PBXNativeTarget;
			buildConfigurationList = 2BB9E76C26AB605900112651 /* Build configuration list for PBXNativeTarget "RSSchool_T9" */;
			buildPhases = (
				2BB9E75426AB605700112651 /* Sources */,
				2BB9E75526AB605700112651 /* Frameworks */,
				2BB9E75626AB605700112651 /* Resources */,
			);
			buildRules = (
			);
			dependencies = (
			);
			name = RSSchool_T9;
			productName = RSSchool_T9;
			productReference = 2BB9E75826AB605700112651 /* RSSchool_T9.app */;
			productType = "com.apple.product-type.application";
		};
/* End PBXNativeTarget section */

/* Begin PBXProject section */
		2BB9E75026AB605700112651 /* Project object */ = {
			isa = PBXProject;
			attributes = {
				CLASSPREFIX = RS;
				LastSwiftUpdateCheck = 1250;
				LastUpgradeCheck = 1250;
				ORGANIZATIONNAME = RSSchool;
				TargetAttributes = {
					2BB9E75726AB605700112651 = {
						CreatedOnToolsVersion = 12.5.1;
						LastSwiftMigration = 1240;
					};
				};
			};
			buildConfigurationList = 2BB9E75326AB605700112651 /* Build configuration list for PBXProject "RSSchool_T9" */;
			compatibilityVersion = "Xcode 9.3";
			developmentRegion = en;
			hasScannedForEncodings = 0;
			knownRegions = (
				en,
				Base,
			);
			mainGroup = 2BB9E74F26AB605700112651;
			productRefGroup = 2BB9E75926AB605700112651 /* Products */;
			projectDirPath = "";
			projectRoot = "";
			targets = (
				2BB9E75726AB605700112651 /* RSSchool_T9 */,
			);
		};
/* End PBXProject section */

/* Begin PBXResourcesBuildPhase section */
		2BB9E75626AB605700112651 /* Resources */ = {
			isa = PBXResourcesBuildPhase;
			buildActionMask = 2147483647;
			files = (
				2BB9E76826AB605900112651 /* LaunchScreen.storyboard in Resources */,
				2BB9F30726AF5D9D00F43852 /* s3-text.txt in Resources */,
				ED31E04326BAC5C7003E5802 /* s6-text.txt in Resources */,
				ED31E03826BAC587003E5802 /* s5-text.txt in Resources */,
				2BB9F30926AF5DAF00F43852 /* s3-title.txt in Resources */,
				ED31E04226BAC5C7003E5802 /* s6-title.txt in Resources */,
				2BB9F31226AF5FBE00F43852 /* s4-title.txt in Resources */,
				2BB9F29526AE01A300F43852 /* s1-title.txt in Resources */,
				2BB9F31026AF5FB300F43852 /* s4-text.txt in Resources */,
				2BB9F2FE26AF556600F43852 /* s2-title.txt in Resources */,
				2BB9E76526AB605900112651 /* Assets.xcassets in Resources */,
				ED31E03926BAC587003E5802 /* s5-title.txt in Resources */,
				2BB9F30226AF57B500F43852 /* s2-text.txt in Resources */,
				2BB9F29726AE01B800F43852 /* s1-text.txt in Resources */,
			);
			runOnlyForDeploymentPostprocessing = 0;
		};
/* End PBXResourcesBuildPhase section */

/* Begin PBXSourcesBuildPhase section */
		2BB9E75426AB605700112651 /* Sources */ = {
			isa = PBXSourcesBuildPhase;
			buildActionMask = 2147483647;
			files = (
				2BB9F30126AF557E00F43852 /* story-2-path.swift in Sources */,
				2BB9E75C26AB605700112651 /* AppDelegate.swift in Sources */,
				EDE3825826B2CE6D005DBA59 /* RSSettingsVC.m in Sources */,
				EDE3824626B18255005DBA59 /* RSCollectionVC.swift in Sources */,
				2BB9F30B26AF5EEC00F43852 /* story-3-path.swift in Sources */,
				ED31E03D26BAC5A3003E5802 /* story-6-path.swift in Sources */,
				ED63BC3D26B5C14B001EA4D4 /* RSCloseButton.swift in Sources */,
				ED31E03226BAC50B003E5802 /* story-5-path.swift in Sources */,
				EDE3826A26B35DF0005DBA59 /* RSColorItem.m in Sources */,
				2BB9F29126ADFAF100F43852 /* Data.swift in Sources */,
				ED63BC3A26B5BFBC001EA4D4 /* RSTextLabel.swift in Sources */,
				EDE3826F26B36767005DBA59 /* RSTableViewColorCell.m in Sources */,
				EDE3824B26B18558005DBA59 /* RSViewCollectionCell.swift in Sources */,
				ED63BC4326B71F13001EA4D4 /* RSTitleImageCover.swift in Sources */,
				EDE3824E26B2AEF6005DBA59 /* RSTabBarVC.swift in Sources */,
				ED31E02526B74881003E5802 /* RSImageVC.swift in Sources */,
				2BB9F2EC26AF1F6200F43852 /* story-1-path.swift in Sources */,
				EDE3826626B2EC4E005DBA59 /* RSTableViewCell.m in Sources */,
				EDE3826226B2D2A3005DBA59 /* RSStrokeColorVC.m in Sources */,
				ED95EAC626B4956900DDB2C6 /* RSContentPresentationVC.swift in Sources */,
				2BB9F30E26AF5FA900F43852 /* story-4-path.swift in Sources */,
				ED95EACB26B4BB3500DDB2C6 /* RSContentTypeLabel.swift in Sources */,
				2BB9E75E26AB605700112651 /* SceneDelegate.swift in Sources */,
				ED31E02A26B964F2003E5802 /* RSDrawingCollectionCell.swift in Sources */,
				ED95EACE26B5664700DDB2C6 /* RSContentView.swift in Sources */,
				ED63BC4026B705CA001EA4D4 /* RSImageCollectionCell.swift in Sources */,
			);
			runOnlyForDeploymentPostprocessing = 0;
		};
/* End PBXSourcesBuildPhase section */

/* Begin PBXVariantGroup section */
		2BB9E76626AB605900112651 /* LaunchScreen.storyboard */ = {
			isa = PBXVariantGroup;
			children = (
				2BB9E76726AB605900112651 /* Base */,
			);
			name = LaunchScreen.storyboard;
			sourceTree = "<group>";
		};
/* End PBXVariantGroup section */

/* Begin XCBuildConfiguration section */
		2BB9E76A26AB605900112651 /* Debug */ = {
			isa = XCBuildConfiguration;
			buildSettings = {
				ALWAYS_SEARCH_USER_PATHS = NO;
				CLANG_ANALYZER_NONNULL = YES;
				CLANG_ANALYZER_NUMBER_OBJECT_CONVERSION = YES_AGGRESSIVE;
				CLANG_CXX_LANGUAGE_STANDARD = "gnu++14";
				CLANG_CXX_LIBRARY = "libc++";
				CLANG_ENABLE_MODULES = YES;
				CLANG_ENABLE_OBJC_ARC = YES;
				CLANG_ENABLE_OBJC_WEAK = YES;
				CLANG_WARN_BLOCK_CAPTURE_AUTORELEASING = YES;
				CLANG_WARN_BOOL_CONVERSION = YES;
				CLANG_WARN_COMMA = YES;
				CLANG_WARN_CONSTANT_CONVERSION = YES;
				CLANG_WARN_DEPRECATED_OBJC_IMPLEMENTATIONS = YES;
				CLANG_WARN_DIRECT_OBJC_ISA_USAGE = YES_ERROR;
				CLANG_WARN_DOCUMENTATION_COMMENTS = YES;
				CLANG_WARN_EMPTY_BODY = YES;
				CLANG_WARN_ENUM_CONVERSION = YES;
				CLANG_WARN_INFINITE_RECURSION = YES;
				CLANG_WARN_INT_CONVERSION = YES;
				CLANG_WARN_NON_LITERAL_NULL_CONVERSION = YES;
				CLANG_WARN_OBJC_IMPLICIT_RETAIN_SELF = YES;
				CLANG_WARN_OBJC_LITERAL_CONVERSION = YES;
				CLANG_WARN_OBJC_ROOT_CLASS = YES_ERROR;
				CLANG_WARN_QUOTED_INCLUDE_IN_FRAMEWORK_HEADER = YES;
				CLANG_WARN_RANGE_LOOP_ANALYSIS = YES;
				CLANG_WARN_STRICT_PROTOTYPES = YES;
				CLANG_WARN_SUSPICIOUS_MOVE = YES;
				CLANG_WARN_UNGUARDED_AVAILABILITY = YES_AGGRESSIVE;
				CLANG_WARN_UNREACHABLE_CODE = YES;
				CLANG_WARN__DUPLICATE_METHOD_MATCH = YES;
				COPY_PHASE_STRIP = NO;
				DEBUG_INFORMATION_FORMAT = dwarf;
				ENABLE_STRICT_OBJC_MSGSEND = YES;
				ENABLE_TESTABILITY = YES;
				GCC_C_LANGUAGE_STANDARD = gnu11;
				GCC_DYNAMIC_NO_PIC = NO;
				GCC_NO_COMMON_BLOCKS = YES;
				GCC_OPTIMIZATION_LEVEL = 0;
				GCC_PREPROCESSOR_DEFINITIONS = (
					"DEBUG=1",
					"$(inherited)",
				);
				GCC_WARN_64_TO_32_BIT_CONVERSION = YES;
				GCC_WARN_ABOUT_RETURN_TYPE = YES_ERROR;
				GCC_WARN_UNDECLARED_SELECTOR = YES;
				GCC_WARN_UNINITIALIZED_AUTOS = YES_AGGRESSIVE;
				GCC_WARN_UNUSED_FUNCTION = YES;
				GCC_WARN_UNUSED_VARIABLE = YES;
				IPHONEOS_DEPLOYMENT_TARGET = 14.5;
				MTL_ENABLE_DEBUG_INFO = INCLUDE_SOURCE;
				MTL_FAST_MATH = YES;
				ONLY_ACTIVE_ARCH = YES;
				SDKROOT = iphoneos;
				SWIFT_ACTIVE_COMPILATION_CONDITIONS = DEBUG;
				SWIFT_OPTIMIZATION_LEVEL = "-Onone";
			};
			name = Debug;
		};
		2BB9E76B26AB605900112651 /* Release */ = {
			isa = XCBuildConfiguration;
			buildSettings = {
				ALWAYS_SEARCH_USER_PATHS = NO;
				CLANG_ANALYZER_NONNULL = YES;
				CLANG_ANALYZER_NUMBER_OBJECT_CONVERSION = YES_AGGRESSIVE;
				CLANG_CXX_LANGUAGE_STANDARD = "gnu++14";
				CLANG_CXX_LIBRARY = "libc++";
				CLANG_ENABLE_MODULES = YES;
				CLANG_ENABLE_OBJC_ARC = YES;
				CLANG_ENABLE_OBJC_WEAK = YES;
				CLANG_WARN_BLOCK_CAPTURE_AUTORELEASING = YES;
				CLANG_WARN_BOOL_CONVERSION = YES;
				CLANG_WARN_COMMA = YES;
				CLANG_WARN_CONSTANT_CONVERSION = YES;
				CLANG_WARN_DEPRECATED_OBJC_IMPLEMENTATIONS = YES;
				CLANG_WARN_DIRECT_OBJC_ISA_USAGE = YES_ERROR;
				CLANG_WARN_DOCUMENTATION_COMMENTS = YES;
				CLANG_WARN_EMPTY_BODY = YES;
				CLANG_WARN_ENUM_CONVERSION = YES;
				CLANG_WARN_INFINITE_RECURSION = YES;
				CLANG_WARN_INT_CONVERSION = YES;
				CLANG_WARN_NON_LITERAL_NULL_CONVERSION = YES;
				CLANG_WARN_OBJC_IMPLICIT_RETAIN_SELF = YES;
				CLANG_WARN_OBJC_LITERAL_CONVERSION = YES;
				CLANG_WARN_OBJC_ROOT_CLASS = YES_ERROR;
				CLANG_WARN_QUOTED_INCLUDE_IN_FRAMEWORK_HEADER = YES;
				CLANG_WARN_RANGE_LOOP_ANALYSIS = YES;
				CLANG_WARN_STRICT_PROTOTYPES = YES;
				CLANG_WARN_SUSPICIOUS_MOVE = YES;
				CLANG_WARN_UNGUARDED_AVAILABILITY = YES_AGGRESSIVE;
				CLANG_WARN_UNREACHABLE_CODE = YES;
				CLANG_WARN__DUPLICATE_METHOD_MATCH = YES;
				COPY_PHASE_STRIP = NO;
				DEBUG_INFORMATION_FORMAT = "dwarf-with-dsym";
				ENABLE_NS_ASSERTIONS = NO;
				ENABLE_STRICT_OBJC_MSGSEND = YES;
				GCC_C_LANGUAGE_STANDARD = gnu11;
				GCC_NO_COMMON_BLOCKS = YES;
				GCC_WARN_64_TO_32_BIT_CONVERSION = YES;
				GCC_WARN_ABOUT_RETURN_TYPE = YES_ERROR;
				GCC_WARN_UNDECLARED_SELECTOR = YES;
				GCC_WARN_UNINITIALIZED_AUTOS = YES_AGGRESSIVE;
				GCC_WARN_UNUSED_FUNCTION = YES;
				GCC_WARN_UNUSED_VARIABLE = YES;
				IPHONEOS_DEPLOYMENT_TARGET = 14.5;
				MTL_ENABLE_DEBUG_INFO = NO;
				MTL_FAST_MATH = YES;
				SDKROOT = iphoneos;
				SWIFT_COMPILATION_MODE = wholemodule;
				SWIFT_OPTIMIZATION_LEVEL = "-O";
				VALIDATE_PRODUCT = YES;
			};
			name = Release;
		};
		2BB9E76D26AB605900112651 /* Debug */ = {
			isa = XCBuildConfiguration;
			buildSettings = {
				ASSETCATALOG_COMPILER_APPICON_NAME = AppIcon;
				ASSETCATALOG_COMPILER_GLOBAL_ACCENT_COLOR_NAME = AccentColor;
				CLANG_ENABLE_MODULES = YES;
				CODE_SIGN_STYLE = Automatic;
				DEVELOPMENT_TEAM = 69YJ6ZVKYK;
				INFOPLIST_FILE = RSSchool_T9/Info.plist;
				IPHONEOS_DEPLOYMENT_TARGET = 13.0;
				LD_RUNPATH_SEARCH_PATHS = (
					"$(inherited)",
					"@executable_path/Frameworks",
				);
				PRODUCT_BUNDLE_IDENTIFIER = "com.username.RSSchool-T9";
				PRODUCT_NAME = "$(TARGET_NAME)";
				SWIFT_OBJC_BRIDGING_HEADER = "RSSchool_T9/ViewControllers/RSSchool_T9-Bridging-Header.h";
				SWIFT_OPTIMIZATION_LEVEL = "-Onone";
				SWIFT_VERSION = 5.0;
				TARGETED_DEVICE_FAMILY = 1;
			};
			name = Debug;
		};
		2BB9E76E26AB605900112651 /* Release */ = {
			isa = XCBuildConfiguration;
			buildSettings = {
				ASSETCATALOG_COMPILER_APPICON_NAME = AppIcon;
				ASSETCATALOG_COMPILER_GLOBAL_ACCENT_COLOR_NAME = AccentColor;
				CLANG_ENABLE_MODULES = YES;
				CODE_SIGN_STYLE = Automatic;
				DEVELOPMENT_TEAM = 69YJ6ZVKYK;
				INFOPLIST_FILE = RSSchool_T9/Info.plist;
				IPHONEOS_DEPLOYMENT_TARGET = 13.0;
				LD_RUNPATH_SEARCH_PATHS = (
					"$(inherited)",
					"@executable_path/Frameworks",
				);
				PRODUCT_BUNDLE_IDENTIFIER = "com.username.RSSchool-T9";
				PRODUCT_NAME = "$(TARGET_NAME)";
				SWIFT_OBJC_BRIDGING_HEADER = "RSSchool_T9/ViewControllers/RSSchool_T9-Bridging-Header.h";
				SWIFT_VERSION = 5.0;
				TARGETED_DEVICE_FAMILY = 1;
			};
			name = Release;
		};
/* End XCBuildConfiguration section */

/* Begin XCConfigurationList section */
		2BB9E75326AB605700112651 /* Build configuration list for PBXProject "RSSchool_T9" */ = {
			isa = XCConfigurationList;
			buildConfigurations = (
				2BB9E76A26AB605900112651 /* Debug */,
				2BB9E76B26AB605900112651 /* Release */,
			);
			defaultConfigurationIsVisible = 0;
			defaultConfigurationName = Release;
		};
		2BB9E76C26AB605900112651 /* Build configuration list for PBXNativeTarget "RSSchool_T9" */ = {
			isa = XCConfigurationList;
			buildConfigurations = (
				2BB9E76D26AB605900112651 /* Debug */,
				2BB9E76E26AB605900112651 /* Release */,
			);
			defaultConfigurationIsVisible = 0;
			defaultConfigurationName = Release;
		};
/* End XCConfigurationList section */
	};
	rootObject = 2BB9E75026AB605700112651 /* Project object */;
}
